
Microsoft Visual Studio Solution File, Format Version 12.00
# Visual Studio Version 16
VisualStudioVersion = 16.0.29201.188
MinimumVisualStudioVersion = 10.0.40219.1
Project("{8BC9CEB8-8B4A-11D0-8D11-00A0C91BC942}") = "Inside_recipe", "Inside_recipe\Inside_recipe.vcxproj", "{26ABD47F-7E3E-47AB-AA36-6BC8E99BD02A}"
EndProject
Global
	GlobalSection(SolutionConfigurationPlatforms) = preSolution
		Debug|x64 = Debug|x64
		Debug|x86 = Debug|x86
		Release|x64 = Release|x64
		Release|x86 = Release|x86
	EndGlobalSection
	GlobalSection(ProjectConfigurationPlatforms) = postSolution
		{26ABD47F-7E3E-47AB-AA36-6BC8E99BD02A}.Debug|x64.ActiveCfg = Debug|x64
		{26ABD47F-7E3E-47AB-AA36-6BC8E99BD02A}.Debug|x64.Build.0 = Debug|x64
		{26ABD47F-7E3E-47AB-AA36-6BC8E99BD02A}.Debug|x86.ActiveCfg = Debug|Win32
		{26ABD47F-7E3E-47AB-AA36-6BC8E99BD02A}.Debug|x86.Build.0 = Debug|Win32
		{26ABD47F-7E3E-47AB-AA36-6BC8E99BD02A}.Release|x64.ActiveCfg = Release|x64
		{26ABD47F-7E3E-47AB-AA36-6BC8E99BD02A}.Release|x64.Build.0 = Release|x64
		{26ABD47F-7E3E-47AB-AA36-6BC8E99BD02A}.Release|x86.ActiveCfg = Release|Win32
		{26ABD47F-7E3E-47AB-AA36-6BC8E99BD02A}.Release|x86.Build.0 = Release|Win32
	EndGlobalSection
	GlobalSection(SolutionProperties) = preSolution
		HideSolutionNode = FALSE
	EndGlobalSection
	GlobalSection(ExtensibilityGlobals) = postSolution
		SolutionGuid = {D0B5A958-010D-4A25-95AB-B2CA0CAD852C}
	EndGlobalSection
EndGlobal
